
Microsoft Visual Studio Solution File, Format Version 11.00
# Visual Studio 2010
Project("{FAE04EC0-301F-11D3-BF4B-00C04F79EFBC}") = "Assembly-CSharp", "Assembly-CSharp.csproj", "{08750469-95E6-F281-FDA6-9BBEE910509B}"
EndProject
Global
	GlobalSection(SolutionConfigurationPlatforms) = preSolution
		Debug|Any CPU = Debug|Any CPU
		Release|Any CPU = Release|Any CPU
	EndGlobalSection
	GlobalSection(ProjectConfigurationPlatforms) = postSolution
		{08750469-95E6-F281-FDA6-9BBEE910509B}.Debug|Any CPU.ActiveCfg = Debug|Any CPU
		{08750469-95E6-F281-FDA6-9BBEE910509B}.Debug|Any CPU.Build.0 = Debug|Any CPU
		{08750469-95E6-F281-FDA6-9BBEE910509B}.Release|Any CPU.ActiveCfg = Release|Any CPU
		{08750469-95E6-F281-FDA6-9BBEE910509B}.Release|Any CPU.Build.0 = Release|Any CPU
	EndGlobalSection
	GlobalSection(SolutionProperties) = preSolution
		HideSolutionNode = FALSE
	EndGlobalSection
EndGlobal
